
Microsoft Visual Studio Solution File, Format Version 12.00
# Visual Studio 15
VisualStudioVersion = 15.0.28307.136
MinimumVisualStudioVersion = 10.0.40219.1
Project("{FAE04EC0-301F-11D3-BF4B-00C04F79EFBC}") = "ParsingJsonResponseFromHEREAPI", "ParsingJsonResponseFromHEREAPI\ParsingJsonResponseFromHEREAPI.csproj", "{7E88213B-2FEB-4DF1-A460-716134F15F53}"
EndProject
Global
	GlobalSection(SolutionConfigurationPlatforms) = preSolution
		Debug|Any CPU = Debug|Any CPU
		Release|Any CPU = Release|Any CPU
	EndGlobalSection
	GlobalSection(ProjectConfigurationPlatforms) = postSolution
		{7E88213B-2FEB-4DF1-A460-716134F15F53}.Debug|Any CPU.ActiveCfg = Debug|Any CPU
		{7E88213B-2FEB-4DF1-A460-716134F15F53}.Debug|Any CPU.Build.0 = Debug|Any CPU
		{7E88213B-2FEB-4DF1-A460-716134F15F53}.Release|Any CPU.ActiveCfg = Release|Any CPU
		{7E88213B-2FEB-4DF1-A460-716134F15F53}.Release|Any CPU.Build.0 = Release|Any CPU
	EndGlobalSection
	GlobalSection(SolutionProperties) = preSolution
		HideSolutionNode = FALSE
	EndGlobalSection
	GlobalSection(ExtensibilityGlobals) = postSolution
		SolutionGuid = {1586C0AD-9983-4300-A70F-C03FB82359AB}
	EndGlobalSection
EndGlobal
